
Microsoft Visual Studio Solution File, Format Version 12.00
# Visual Studio Version 17
VisualStudioVersion = 17.8.34525.116
MinimumVisualStudioVersion = 10.0.40219.1
Project("{FAE04EC0-301F-11D3-BF4B-00C04F79EFBC}") = "ConsoleAppNumeros", "ConsoleAppNumeros\ConsoleAppNumeros.csproj", "{FA76FC22-FADF-4D15-9309-5F13DFEC4EF2}"
EndProject
Global
	GlobalSection(SolutionConfigurationPlatforms) = preSolution
		Debug|Any CPU = Debug|Any CPU
		Release|Any CPU = Release|Any CPU
	EndGlobalSection
	GlobalSection(ProjectConfigurationPlatforms) = postSolution
		{FA76FC22-FADF-4D15-9309-5F13DFEC4EF2}.Debug|Any CPU.ActiveCfg = Debug|Any CPU
		{FA76FC22-FADF-4D15-9309-5F13DFEC4EF2}.Debug|Any CPU.Build.0 = Debug|Any CPU
		{FA76FC22-FADF-4D15-9309-5F13DFEC4EF2}.Release|Any CPU.ActiveCfg = Release|Any CPU
		{FA76FC22-FADF-4D15-9309-5F13DFEC4EF2}.Release|Any CPU.Build.0 = Release|Any CPU
	EndGlobalSection
	GlobalSection(SolutionProperties) = preSolution
		HideSolutionNode = FALSE
	EndGlobalSection
	GlobalSection(ExtensibilityGlobals) = postSolution
		SolutionGuid = {A5927F28-DCCC-471F-89E8-3F1E245B8C7E}
	EndGlobalSection
EndGlobal
